{
  "object": {
    "pins": [
      {
        "package": "ButtonConfig",
        "repositoryURL": "https://github.com/franklynw/ButtonConfig.git",
        "state": {
          "branch": null,
          "revision": "a006f7a635243b7c28c1576741fdbfbfa2416502",
          "version": "2.0.0"
        }
      },
      {
        "package": "FWCommonProtocols",
        "repositoryURL": "https://github.com/franklynw/FWCommonProtocols.git",
        "state": {
          "branch": null,
          "revision": "f4338a068c1b719e32319b22eb79bb8b2ca544d8",
          "version": "1.0.0"
        }
      },
      {
        "package": "FWMenu",
        "repositoryURL": "https://github.com/franklynw/FWMenu.git",
        "state": {
          "branch": null,
          "revision": "0615e4a16ad6b0d63050e2666dc8abd5b62dc1d8",
          "version": "1.0.0"
        }
      }
    ]
  },
  "version": 1
}
